
Microsoft Visual Studio Solution File, Format Version 12.00
# Visual Studio Version 16
VisualStudioVersion = 16.0.33927.289
MinimumVisualStudioVersion = 10.0.40219.1
Project("{8BC9CEB8-8B4A-11D0-8D11-00A0C91BC942}") = "이진탐색트리를이용한엉여사전프로그램", "이진탐색트리를이용한엉여사전프로그램\이진탐색트리를이용한엉여사전프로그램.vcxproj", "{A35BF66D-951C-45CF-956A-767C29F174D2}"
EndProject
Global
	GlobalSection(SolutionConfigurationPlatforms) = preSolution
		Debug|x64 = Debug|x64
		Debug|x86 = Debug|x86
		Release|x64 = Release|x64
		Release|x86 = Release|x86
	EndGlobalSection
	GlobalSection(ProjectConfigurationPlatforms) = postSolution
		{A35BF66D-951C-45CF-956A-767C29F174D2}.Debug|x64.ActiveCfg = Debug|x64
		{A35BF66D-951C-45CF-956A-767C29F174D2}.Debug|x64.Build.0 = Debug|x64
		{A35BF66D-951C-45CF-956A-767C29F174D2}.Debug|x86.ActiveCfg = Debug|Win32
		{A35BF66D-951C-45CF-956A-767C29F174D2}.Debug|x86.Build.0 = Debug|Win32
		{A35BF66D-951C-45CF-956A-767C29F174D2}.Release|x64.ActiveCfg = Release|x64
		{A35BF66D-951C-45CF-956A-767C29F174D2}.Release|x64.Build.0 = Release|x64
		{A35BF66D-951C-45CF-956A-767C29F174D2}.Release|x86.ActiveCfg = Release|Win32
		{A35BF66D-951C-45CF-956A-767C29F174D2}.Release|x86.Build.0 = Release|Win32
	EndGlobalSection
	GlobalSection(SolutionProperties) = preSolution
		HideSolutionNode = FALSE
	EndGlobalSection
	GlobalSection(ExtensibilityGlobals) = postSolution
		SolutionGuid = {5DE82F7B-0285-4CB5-998D-0CC6D2666EB7}
	EndGlobalSection
EndGlobal
