
Microsoft Visual Studio Solution File, Format Version 12.00
# Visual Studio Version 16
VisualStudioVersion = 16.0.33927.289
MinimumVisualStudioVersion = 10.0.40219.1
Project("{8BC9CEB8-8B4A-11D0-8D11-00A0C91BC942}") = "원형큐_빈칸없이", "원형큐_빈칸없이\원형큐_빈칸없이.vcxproj", "{EB937279-311F-4A92-A189-2179B06D013C}"
EndProject
Global
	GlobalSection(SolutionConfigurationPlatforms) = preSolution
		Debug|x64 = Debug|x64
		Debug|x86 = Debug|x86
		Release|x64 = Release|x64
		Release|x86 = Release|x86
	EndGlobalSection
	GlobalSection(ProjectConfigurationPlatforms) = postSolution
		{EB937279-311F-4A92-A189-2179B06D013C}.Debug|x64.ActiveCfg = Debug|x64
		{EB937279-311F-4A92-A189-2179B06D013C}.Debug|x64.Build.0 = Debug|x64
		{EB937279-311F-4A92-A189-2179B06D013C}.Debug|x86.ActiveCfg = Debug|Win32
		{EB937279-311F-4A92-A189-2179B06D013C}.Debug|x86.Build.0 = Debug|Win32
		{EB937279-311F-4A92-A189-2179B06D013C}.Release|x64.ActiveCfg = Release|x64
		{EB937279-311F-4A92-A189-2179B06D013C}.Release|x64.Build.0 = Release|x64
		{EB937279-311F-4A92-A189-2179B06D013C}.Release|x86.ActiveCfg = Release|Win32
		{EB937279-311F-4A92-A189-2179B06D013C}.Release|x86.Build.0 = Release|Win32
	EndGlobalSection
	GlobalSection(SolutionProperties) = preSolution
		HideSolutionNode = FALSE
	EndGlobalSection
	GlobalSection(ExtensibilityGlobals) = postSolution
		SolutionGuid = {2D3725ED-0CA8-4108-9E2E-905640E6C43C}
	EndGlobalSection
EndGlobal
